// !$*UTF8*$!
{
	archiveVersion = 1;
	classes = {
	};
	objectVersion = 50;
	objects = {

/* Begin PBXBuildFile section */
		64589F16256DA6780030F298 /* BlogPostsApp.swift in Sources */ = {isa = PBXBuildFile; fileRef = 64589F15256DA6780030F298 /* BlogPostsApp.swift */; };
		64589F18256DA6780030F298 /* ContentView.swift in Sources */ = {isa = PBXBuildFile; fileRef = 64589F17256DA6780030F298 /* ContentView.swift */; };
		64589F1A256DA67B0030F298 /* Assets.xcassets in Resources */ = {isa = PBXBuildFile; fileRef = 64589F19256DA67B0030F298 /* Assets.xcassets */; };
		64589F1D256DA67B0030F298 /* Preview Assets.xcassets in Resources */ = {isa = PBXBuildFile; fileRef = 64589F1C256DA67B0030F298 /* Preview Assets.xcassets */; };
		64589F26256DBBC10030F298 /* README.md in Resources */ = {isa = PBXBuildFile; fileRef = 64589F25256DBBC10030F298 /* README.md */; };
		64589F5925705A050030F298 /* HomeView.swift in Sources */ = {isa = PBXBuildFile; fileRef = 64589F5825705A050030F298 /* HomeView.swift */; };
		64589F5C25705A300030F298 /* DetailView.swift in Sources */ = {isa = PBXBuildFile; fileRef = 64589F5B25705A300030F298 /* DetailView.swift */; };
		64589F5F25705B100030F298 /* TitleAndAuthorView.swift in Sources */ = {isa = PBXBuildFile; fileRef = 64589F5E25705B100030F298 /* TitleAndAuthorView.swift */; };
/* End PBXBuildFile section */

/* Begin PBXFileReference section */
		64589F12256DA6780030F298 /* BlogPosts.app */ = {isa = PBXFileReference; explicitFileType = wrapper.application; includeInIndex = 0; path = BlogPosts.app; sourceTree = BUILT_PRODUCTS_DIR; };
		64589F15256DA6780030F298 /* BlogPostsApp.swift */ = {isa = PBXFileReference; lastKnownFileType = sourcecode.swift; path = BlogPostsApp.swift; sourceTree = "<group>"; };
		64589F17256DA6780030F298 /* ContentView.swift */ = {isa = PBXFileReference; lastKnownFileType = sourcecode.swift; path = ContentView.swift; sourceTree = "<group>"; };
		64589F19256DA67B0030F298 /* Assets.xcassets */ = {isa = PBXFileReference; lastKnownFileType = folder.assetcatalog; path = Assets.xcassets; sourceTree = "<group>"; };
		64589F1C256DA67B0030F298 /* Preview Assets.xcassets */ = {isa = PBXFileReference; lastKnownFileType = folder.assetcatalog; path = "Preview Assets.xcassets"; sourceTree = "<group>"; };
		64589F1E256DA67B0030F298 /* Info.plist */ = {isa = PBXFileReference; lastKnownFileType = text.plist.xml; path = Info.plist; sourceTree = "<group>"; };
		64589F25256DBBC10030F298 /* README.md */ = {isa = PBXFileReference; lastKnownFileType = net.daringfireball.markdown; path = README.md; sourceTree = "<group>"; };
		64589F5825705A050030F298 /* HomeView.swift */ = {isa = PBXFileReference; lastKnownFileType = sourcecode.swift; path = HomeView.swift; sourceTree = "<group>"; };
		64589F5B25705A300030F298 /* DetailView.swift */ = {isa = PBXFileReference; lastKnownFileType = sourcecode.swift; path = DetailView.swift; sourceTree = "<group>"; };
		64589F5E25705B100030F298 /* TitleAndAuthorView.swift */ = {isa = PBXFileReference; lastKnownFileType = sourcecode.swift; path = TitleAndAuthorView.swift; sourceTree = "<group>"; };
/* End PBXFileReference section */

/* Begin PBXFrameworksBuildPhase section */
		64589F0F256DA6780030F298 /* Frameworks */ = {
			isa = PBXFrameworksBuildPhase;
			buildActionMask = 2147483647;
			files = (
			);
			runOnlyForDeploymentPostprocessing = 0;
		};
/* End PBXFrameworksBuildPhase section */

/* Begin PBXGroup section */
		64589F09256DA6780030F298 = {
			isa = PBXGroup;
			children = (
				64589F25256DBBC10030F298 /* README.md */,
				64589F14256DA6780030F298 /* BlogPosts */,
				64589F13256DA6780030F298 /* Products */,
			);
			sourceTree = "<group>";
		};
		64589F13256DA6780030F298 /* Products */ = {
			isa = PBXGroup;
			children = (
				64589F12256DA6780030F298 /* BlogPosts.app */,
			);
			name = Products;
			sourceTree = "<group>";
		};
		64589F14256DA6780030F298 /* BlogPosts */ = {
			isa = PBXGroup;
			children = (
				64589F57257059E60030F298 /* View */,
				64589F15256DA6780030F298 /* BlogPostsApp.swift */,
				64589F17256DA6780030F298 /* ContentView.swift */,
				64589F19256DA67B0030F298 /* Assets.xcassets */,
				64589F1E256DA67B0030F298 /* Info.plist */,
				64589F1B256DA67B0030F298 /* Preview Content */,
			);
			path = BlogPosts;
			sourceTree = "<group>";
		};
		64589F1B256DA67B0030F298 /* Preview Content */ = {
			isa = PBXGroup;
			children = (
				64589F1C256DA67B0030F298 /* Preview Assets.xcassets */,
			);
			path = "Preview Content";
			sourceTree = "<group>";
		};
		64589F57257059E60030F298 /* View */ = {
			isa = PBXGroup;
			children = (
				64589F5825705A050030F298 /* HomeView.swift */,
				64589F5B25705A300030F298 /* DetailView.swift */,
				64589F5E25705B100030F298 /* TitleAndAuthorView.swift */,
			);
			path = View;
			sourceTree = "<group>";
		};
/* End PBXGroup section */

/* Begin PBXNativeTarget section */
		64589F11256DA6780030F298 /* BlogPosts */ = {
			isa = PBXNativeTarget;
			buildConfigurationList = 64589F21256DA67B0030F298 /* Build configuration list for PBXNativeTarget "BlogPosts" */;
			buildPhases = (
				64589F0E256DA6780030F298 /* Sources */,
				64589F0F256DA6780030F298 /* Frameworks */,
				64589F10256DA6780030F298 /* Resources */,
			);
			buildRules = (
			);
			dependencies = (
			);
			name = BlogPosts;
			productName = BlogPosts;
			productReference = 64589F12256DA6780030F298 /* BlogPosts.app */;
			productType = "com.apple.product-type.application";
		};
/* End PBXNativeTarget section */

/* Begin PBXProject section */
		64589F0A256DA6780030F298 /* Project object */ = {
			isa = PBXProject;
			attributes = {
				LastSwiftUpdateCheck = 1220;
				LastUpgradeCheck = 1220;
				TargetAttributes = {
					64589F11256DA6780030F298 = {
						CreatedOnToolsVersion = 12.2;
					};
				};
			};
			buildConfigurationList = 64589F0D256DA6780030F298 /* Build configuration list for PBXProject "BlogPosts" */;
			compatibilityVersion = "Xcode 9.3";
			developmentRegion = en;
			hasScannedForEncodings = 0;
			knownRegions = (
				en,
				Base,
			);
			mainGroup = 64589F09256DA6780030F298;
			productRefGroup = 64589F13256DA6780030F298 /* Products */;
			projectDirPath = "";
			projectRoot = "";
			targets = (
				64589F11256DA6780030F298 /* BlogPosts */,
			);
		};
/* End PBXProject section */

/* Begin PBXResourcesBuildPhase section */
		64589F10256DA6780030F298 /* Resources */ = {
			isa = PBXResourcesBuildPhase;
			buildActionMask = 2147483647;
			files = (
				64589F26256DBBC10030F298 /* README.md in Resources */,
				64589F1D256DA67B0030F298 /* Preview Assets.xcassets in Resources */,
				64589F1A256DA67B0030F298 /* Assets.xcassets in Resources */,
			);
			runOnlyForDeploymentPostprocessing = 0;
		};
/* End PBXResourcesBuildPhase section */

/* Begin PBXSourcesBuildPhase section */
		64589F0E256DA6780030F298 /* Sources */ = {
			isa = PBXSourcesBuildPhase;
			buildActionMask = 2147483647;
			files = (
				64589F5925705A050030F298 /* HomeView.swift in Sources */,
				64589F5C25705A300030F298 /* DetailView.swift in Sources */,
				64589F18256DA6780030F298 /* ContentView.swift in Sources */,
				64589F5F25705B100030F298 /* TitleAndAuthorView.swift in Sources */,
				64589F16256DA6780030F298 /* BlogPostsApp.swift in Sources */,
			);
			runOnlyForDeploymentPostprocessing = 0;
		};
/* End PBXSourcesBuildPhase section */

/* Begin XCBuildConfiguration section */
		64589F1F256DA67B0030F298 /* Debug */ = {
			isa = XCBuildConfiguration;
			buildSettings = {
				ALWAYS_SEARCH_USER_PATHS = NO;
				CLANG_ANALYZER_NONNULL = YES;
				CLANG_ANALYZER_NUMBER_OBJECT_CONVERSION = YES_AGGRESSIVE;
				CLANG_CXX_LANGUAGE_STANDARD = "gnu++14";
				CLANG_CXX_LIBRARY = "libc++";
				CLANG_ENABLE_MODULES = YES;
				CLANG_ENABLE_OBJC_ARC = YES;
				CLANG_ENABLE_OBJC_WEAK = YES;
				CLANG_WARN_BLOCK_CAPTURE_AUTORELEASING = YES;
				CLANG_WARN_BOOL_CONVERSION = YES;
				CLANG_WARN_COMMA = YES;
				CLANG_WARN_CONSTANT_CONVERSION = YES;
				CLANG_WARN_DEPRECATED_OBJC_IMPLEMENTATIONS = YES;
				CLANG_WARN_DIRECT_OBJC_ISA_USAGE = YES_ERROR;
				CLANG_WARN_DOCUMENTATION_COMMENTS = YES;
				CLANG_WARN_EMPTY_BODY = YES;
				CLANG_WARN_ENUM_CONVERSION = YES;
				CLANG_WARN_INFINITE_RECURSION = YES;
				CLANG_WARN_INT_CONVERSION = YES;
				CLANG_WARN_NON_LITERAL_NULL_CONVERSION = YES;
				CLANG_WARN_OBJC_IMPLICIT_RETAIN_SELF = YES;
				CLANG_WARN_OBJC_LITERAL_CONVERSION = YES;
				CLANG_WARN_OBJC_ROOT_CLASS = YES_ERROR;
				CLANG_WARN_QUOTED_INCLUDE_IN_FRAMEWORK_HEADER = YES;
				CLANG_WARN_RANGE_LOOP_ANALYSIS = YES;
				CLANG_WARN_STRICT_PROTOTYPES = YES;
				CLANG_WARN_SUSPICIOUS_MOVE = YES;
				CLANG_WARN_UNGUARDED_AVAILABILITY = YES_AGGRESSIVE;
				CLANG_WARN_UNREACHABLE_CODE = YES;
				CLANG_WARN__DUPLICATE_METHOD_MATCH = YES;
				COPY_PHASE_STRIP = NO;
				DEBUG_INFORMATION_FORMAT = dwarf;
				ENABLE_STRICT_OBJC_MSGSEND = YES;
				ENABLE_TESTABILITY = YES;
				GCC_C_LANGUAGE_STANDARD = gnu11;
				GCC_DYNAMIC_NO_PIC = NO;
				GCC_NO_COMMON_BLOCKS = YES;
				GCC_OPTIMIZATION_LEVEL = 0;
				GCC_PREPROCESSOR_DEFINITIONS = (
					"DEBUG=1",
					"$(inherited)",
				);
				GCC_WARN_64_TO_32_BIT_CONVERSION = YES;
				GCC_WARN_ABOUT_RETURN_TYPE = YES_ERROR;
				GCC_WARN_UNDECLARED_SELECTOR = YES;
				GCC_WARN_UNINITIALIZED_AUTOS = YES_AGGRESSIVE;
				GCC_WARN_UNUSED_FUNCTION = YES;
				GCC_WARN_UNUSED_VARIABLE = YES;
				IPHONEOS_DEPLOYMENT_TARGET = 14.2;
				MTL_ENABLE_DEBUG_INFO = INCLUDE_SOURCE;
				MTL_FAST_MATH = YES;
				ONLY_ACTIVE_ARCH = YES;
				SDKROOT = iphoneos;
				SWIFT_ACTIVE_COMPILATION_CONDITIONS = DEBUG;
				SWIFT_OPTIMIZATION_LEVEL = "-Onone";
			};
			name = Debug;
		};
		64589F20256DA67B0030F298 /* Release */ = {
			isa = XCBuildConfiguration;
			buildSettings = {
				ALWAYS_SEARCH_USER_PATHS = NO;
				CLANG_ANALYZER_NONNULL = YES;
				CLANG_ANALYZER_NUMBER_OBJECT_CONVERSION = YES_AGGRESSIVE;
				CLANG_CXX_LANGUAGE_STANDARD = "gnu++14";
				CLANG_CXX_LIBRARY = "libc++";
				CLANG_ENABLE_MODULES = YES;
				CLANG_ENABLE_OBJC_ARC = YES;
				CLANG_ENABLE_OBJC_WEAK = YES;
				CLANG_WARN_BLOCK_CAPTURE_AUTORELEASING = YES;
				CLANG_WARN_BOOL_CONVERSION = YES;
				CLANG_WARN_COMMA = YES;
				CLANG_WARN_CONSTANT_CONVERSION = YES;
				CLANG_WARN_DEPRECATED_OBJC_IMPLEMENTATIONS = YES;
				CLANG_WARN_DIRECT_OBJC_ISA_USAGE = YES_ERROR;
				CLANG_WARN_DOCUMENTATION_COMMENTS = YES;
				CLANG_WARN_EMPTY_BODY = YES;
				CLANG_WARN_ENUM_CONVERSION = YES;
				CLANG_WARN_INFINITE_RECURSION = YES;
				CLANG_WARN_INT_CONVERSION = YES;
				CLANG_WARN_NON_LITERAL_NULL_CONVERSION = YES;
				CLANG_WARN_OBJC_IMPLICIT_RETAIN_SELF = YES;
				CLANG_WARN_OBJC_LITERAL_CONVERSION = YES;
				CLANG_WARN_OBJC_ROOT_CLASS = YES_ERROR;
				CLANG_WARN_QUOTED_INCLUDE_IN_FRAMEWORK_HEADER = YES;
				CLANG_WARN_RANGE_LOOP_ANALYSIS = YES;
				CLANG_WARN_STRICT_PROTOTYPES = YES;
				CLANG_WARN_SUSPICIOUS_MOVE = YES;
				CLANG_WARN_UNGUARDED_AVAILABILITY = YES_AGGRESSIVE;
				CLANG_WARN_UNREACHABLE_CODE = YES;
				CLANG_WARN__DUPLICATE_METHOD_MATCH = YES;
				COPY_PHASE_STRIP = NO;
				DEBUG_INFORMATION_FORMAT = "dwarf-with-dsym";
				ENABLE_NS_ASSERTIONS = NO;
				ENABLE_STRICT_OBJC_MSGSEND = YES;
				GCC_C_LANGUAGE_STANDARD = gnu11;
				GCC_NO_COMMON_BLOCKS = YES;
				GCC_WARN_64_TO_32_BIT_CONVERSION = YES;
				GCC_WARN_ABOUT_RETURN_TYPE = YES_ERROR;
				GCC_WARN_UNDECLARED_SELECTOR = YES;
				GCC_WARN_UNINITIALIZED_AUTOS = YES_AGGRESSIVE;
				GCC_WARN_UNUSED_FUNCTION = YES;
				GCC_WARN_UNUSED_VARIABLE = YES;
				IPHONEOS_DEPLOYMENT_TARGET = 14.2;
				MTL_ENABLE_DEBUG_INFO = NO;
				MTL_FAST_MATH = YES;
				SDKROOT = iphoneos;
				SWIFT_COMPILATION_MODE = wholemodule;
				SWIFT_OPTIMIZATION_LEVEL = "-O";
				VALIDATE_PRODUCT = YES;
			};
			name = Release;
		};
		64589F22256DA67B0030F298 /* Debug */ = {
			isa = XCBuildConfiguration;
			buildSettings = {
				ASSETCATALOG_COMPILER_APPICON_NAME = AppIcon;
				ASSETCATALOG_COMPILER_GLOBAL_ACCENT_COLOR_NAME = AccentColor;
				CODE_SIGN_STYLE = Automatic;
				DEVELOPMENT_ASSET_PATHS = "\"BlogPosts/Preview Content\"";
				ENABLE_PREVIEWS = YES;
				INFOPLIST_FILE = BlogPosts/Info.plist;
				IPHONEOS_DEPLOYMENT_TARGET = 14.0;
				LD_RUNPATH_SEARCH_PATHS = (
					"$(inherited)",
					"@executable_path/Frameworks",
				);
				PRODUCT_BUNDLE_IDENTIFIER = io.github.rphlfc.BlogPosts;
				PRODUCT_NAME = "$(TARGET_NAME)";
				SWIFT_VERSION = 5.0;
				TARGETED_DEVICE_FAMILY = "1,2";
			};
			name = Debug;
		};
		64589F23256DA67B0030F298 /* Release */ = {
			isa = XCBuildConfiguration;
			buildSettings = {
				ASSETCATALOG_COMPILER_APPICON_NAME = AppIcon;
				ASSETCATALOG_COMPILER_GLOBAL_ACCENT_COLOR_NAME = AccentColor;
				CODE_SIGN_STYLE = Automatic;
				DEVELOPMENT_ASSET_PATHS = "\"BlogPosts/Preview Content\"";
				ENABLE_PREVIEWS = YES;
				INFOPLIST_FILE = BlogPosts/Info.plist;
				IPHONEOS_DEPLOYMENT_TARGET = 14.0;
				LD_RUNPATH_SEARCH_PATHS = (
					"$(inherited)",
					"@executable_path/Frameworks",
				);
				PRODUCT_BUNDLE_IDENTIFIER = io.github.rphlfc.BlogPosts;
				PRODUCT_NAME = "$(TARGET_NAME)";
				SWIFT_VERSION = 5.0;
				TARGETED_DEVICE_FAMILY = "1,2";
			};
			name = Release;
		};
/* End XCBuildConfiguration section */

/* Begin XCConfigurationList section */
		64589F0D256DA6780030F298 /* Build configuration list for PBXProject "BlogPosts" */ = {
			isa = XCConfigurationList;
			buildConfigurations = (
				64589F1F256DA67B0030F298 /* Debug */,
				64589F20256DA67B0030F298 /* Release */,
			);
			defaultConfigurationIsVisible = 0;
			defaultConfigurationName = Release;
		};
		64589F21256DA67B0030F298 /* Build configuration list for PBXNativeTarget "BlogPosts" */ = {
			isa = XCConfigurationList;
			buildConfigurations = (
				64589F22256DA67B0030F298 /* Debug */,
				64589F23256DA67B0030F298 /* Release */,
			);
			defaultConfigurationIsVisible = 0;
			defaultConfigurationName = Release;
		};
/* End XCConfigurationList section */
	};
	rootObject = 64589F0A256DA6780030F298 /* Project object */;
}
